
Microsoft Visual Studio Solution File, Format Version 12.00
# Visual Studio Version 17
VisualStudioVersion = 17.1.32210.238
MinimumVisualStudioVersion = 10.0.40219.1
Project("{FAE04EC0-301F-11D3-BF4B-00C04F79EFBC}") = "ETickets", "ETickets\ETickets.csproj", "{E47BE7F6-255D-45EC-BCEE-052A043A4981}"
EndProject
Global
	GlobalSection(SolutionConfigurationPlatforms) = preSolution
		Debug|Any CPU = Debug|Any CPU
		Release|Any CPU = Release|Any CPU
	EndGlobalSection
	GlobalSection(ProjectConfigurationPlatforms) = postSolution
		{E47BE7F6-255D-45EC-BCEE-052A043A4981}.Debug|Any CPU.ActiveCfg = Debug|Any CPU
		{E47BE7F6-255D-45EC-BCEE-052A043A4981}.Debug|Any CPU.Build.0 = Debug|Any CPU
		{E47BE7F6-255D-45EC-BCEE-052A043A4981}.Release|Any CPU.ActiveCfg = Release|Any CPU
		{E47BE7F6-255D-45EC-BCEE-052A043A4981}.Release|Any CPU.Build.0 = Release|Any CPU
	EndGlobalSection
	GlobalSection(SolutionProperties) = preSolution
		HideSolutionNode = FALSE
	EndGlobalSection
	GlobalSection(ExtensibilityGlobals) = postSolution
		SolutionGuid = {1C6C391E-F584-43DB-9209-7E162C625C4F}
	EndGlobalSection
EndGlobal
